// !$*UTF8*$!
{
	archiveVersion = 1;
	classes = {
	};
	objectVersion = 77;
	objects = {

/* Begin PBXContainerItemProxy section */
		DBCC8B9E2DE369010068641E /* PBXContainerItemProxy */ = {
			isa = PBXContainerItemProxy;
			containerPortal = DBCC8B802DE369000068641E /* Project object */;
			proxyType = 1;
			remoteGlobalIDString = DBCC8B872DE369000068641E;
			remoteInfo = PesonalFinanceTracker;
		};
		DBCC8BA82DE369010068641E /* PBXContainerItemProxy */ = {
			isa = PBXContainerItemProxy;
			containerPortal = DBCC8B802DE369000068641E /* Project object */;
			proxyType = 1;
			remoteGlobalIDString = DBCC8B872DE369000068641E;
			remoteInfo = PesonalFinanceTracker;
		};
/* End PBXContainerItemProxy section */

/* Begin PBXFileReference section */
		DBCC8B882DE369000068641E /* PesonalFinanceTracker.app */ = {isa = PBXFileReference; explicitFileType = wrapper.application; includeInIndex = 0; path = PesonalFinanceTracker.app; sourceTree = BUILT_PRODUCTS_DIR; };
		DBCC8B9D2DE369010068641E /* PesonalFinanceTrackerTests.xctest */ = {isa = PBXFileReference; explicitFileType = wrapper.cfbundle; includeInIndex = 0; path = PesonalFinanceTrackerTests.xctest; sourceTree = BUILT_PRODUCTS_DIR; };
		DBCC8BA72DE369010068641E /* PesonalFinanceTrackerUITests.xctest */ = {isa = PBXFileReference; explicitFileType = wrapper.cfbundle; includeInIndex = 0; path = PesonalFinanceTrackerUITests.xctest; sourceTree = BUILT_PRODUCTS_DIR; };
/* End PBXFileReference section */

/* Begin PBXFileSystemSynchronizedRootGroup section */
		DBCC8B8A2DE369000068641E /* PesonalFinanceTracker */ = {
			isa = PBXFileSystemSynchronizedRootGroup;
			path = PesonalFinanceTracker;
			sourceTree = "<group>";
		};
		DBCC8BA02DE369010068641E /* PesonalFinanceTrackerTests */ = {
			isa = PBXFileSystemSynchronizedRootGroup;
			path = PesonalFinanceTrackerTests;
			sourceTree = "<group>";
		};
		DBCC8BAA2DE369010068641E /* PesonalFinanceTrackerUITests */ = {
			isa = PBXFileSystemSynchronizedRootGroup;
			path = PesonalFinanceTrackerUITests;
			sourceTree = "<group>";
		};
/* End PBXFileSystemSynchronizedRootGroup section */

/* Begin PBXFrameworksBuildPhase section */
		DBCC8B852DE369000068641E /* Frameworks */ = {
			isa = PBXFrameworksBuildPhase;
			buildActionMask = 2147483647;
			files = (
			);
			runOnlyForDeploymentPostprocessing = 0;
		};
		DBCC8B9A2DE369010068641E /* Frameworks */ = {
			isa = PBXFrameworksBuildPhase;
			buildActionMask = 2147483647;
			files = (
			);
			runOnlyForDeploymentPostprocessing = 0;
		};
		DBCC8BA42DE369010068641E /* Frameworks */ = {
			isa = PBXFrameworksBuildPhase;
			buildActionMask = 2147483647;
			files = (
			);
			runOnlyForDeploymentPostprocessing = 0;
		};
/* End PBXFrameworksBuildPhase section */

/* Begin PBXGroup section */
		DBCC8B7F2DE369000068641E = {
			isa = PBXGroup;
			children = (
				DBCC8B8A2DE369000068641E /* PesonalFinanceTracker */,
				DBCC8BA02DE369010068641E /* PesonalFinanceTrackerTests */,
				DBCC8BAA2DE369010068641E /* PesonalFinanceTrackerUITests */,
				DBCC8B892DE369000068641E /* Products */,
			);
			sourceTree = "<group>";
		};
		DBCC8B892DE369000068641E /* Products */ = {
			isa = PBXGroup;
			children = (
				DBCC8B882DE369000068641E /* PesonalFinanceTracker.app */,
				DBCC8B9D2DE369010068641E /* PesonalFinanceTrackerTests.xctest */,
				DBCC8BA72DE369010068641E /* PesonalFinanceTrackerUITests.xctest */,
			);
			name = Products;
			sourceTree = "<group>";
		};
/* End PBXGroup section */

/* Begin PBXNativeTarget section */
		DBCC8B872DE369000068641E /* PesonalFinanceTracker */ = {
			isa = PBXNativeTarget;
			buildConfigurationList = DBCC8BB12DE369010068641E /* Build configuration list for PBXNativeTarget "PesonalFinanceTracker" */;
			buildPhases = (
				DBCC8B842DE369000068641E /* Sources */,
				DBCC8B852DE369000068641E /* Frameworks */,
				DBCC8B862DE369000068641E /* Resources */,
			);
			buildRules = (
			);
			dependencies = (
			);
			fileSystemSynchronizedGroups = (
				DBCC8B8A2DE369000068641E /* PesonalFinanceTracker */,
			);
			name = PesonalFinanceTracker;
			packageProductDependencies = (
			);
			productName = PesonalFinanceTracker;
			productReference = DBCC8B882DE369000068641E /* PesonalFinanceTracker.app */;
			productType = "com.apple.product-type.application";
		};
		DBCC8B9C2DE369010068641E /* PesonalFinanceTrackerTests */ = {
			isa = PBXNativeTarget;
			buildConfigurationList = DBCC8BB42DE369010068641E /* Build configuration list for PBXNativeTarget "PesonalFinanceTrackerTests" */;
			buildPhases = (
				DBCC8B992DE369010068641E /* Sources */,
				DBCC8B9A2DE369010068641E /* Frameworks */,
				DBCC8B9B2DE369010068641E /* Resources */,
			);
			buildRules = (
			);
			dependencies = (
				DBCC8B9F2DE369010068641E /* PBXTargetDependency */,
			);
			fileSystemSynchronizedGroups = (
				DBCC8BA02DE369010068641E /* PesonalFinanceTrackerTests */,
			);
			name = PesonalFinanceTrackerTests;
			packageProductDependencies = (
			);
			productName = PesonalFinanceTrackerTests;
			productReference = DBCC8B9D2DE369010068641E /* PesonalFinanceTrackerTests.xctest */;
			productType = "com.apple.product-type.bundle.unit-test";
		};
		DBCC8BA62DE369010068641E /* PesonalFinanceTrackerUITests */ = {
			isa = PBXNativeTarget;
			buildConfigurationList = DBCC8BB72DE369010068641E /* Build configuration list for PBXNativeTarget "PesonalFinanceTrackerUITests" */;
			buildPhases = (
				DBCC8BA32DE369010068641E /* Sources */,
				DBCC8BA42DE369010068641E /* Frameworks */,
				DBCC8BA52DE369010068641E /* Resources */,
			);
			buildRules = (
			);
			dependencies = (
				DBCC8BA92DE369010068641E /* PBXTargetDependency */,
			);
			fileSystemSynchronizedGroups = (
				DBCC8BAA2DE369010068641E /* PesonalFinanceTrackerUITests */,
			);
			name = PesonalFinanceTrackerUITests;
			packageProductDependencies = (
			);
			productName = PesonalFinanceTrackerUITests;
			productReference = DBCC8BA72DE369010068641E /* PesonalFinanceTrackerUITests.xctest */;
			productType = "com.apple.product-type.bundle.ui-testing";
		};
/* End PBXNativeTarget section */

/* Begin PBXProject section */
		DBCC8B802DE369000068641E /* Project object */ = {
			isa = PBXProject;
			attributes = {
				BuildIndependentTargetsInParallel = 1;
				LastSwiftUpdateCheck = 1620;
				LastUpgradeCheck = 1620;
				TargetAttributes = {
					DBCC8B872DE369000068641E = {
						CreatedOnToolsVersion = 16.2;
					};
					DBCC8B9C2DE369010068641E = {
						CreatedOnToolsVersion = 16.2;
						TestTargetID = DBCC8B872DE369000068641E;
					};
					DBCC8BA62DE369010068641E = {
						CreatedOnToolsVersion = 16.2;
						TestTargetID = DBCC8B872DE369000068641E;
					};
				};
			};
			buildConfigurationList = DBCC8B832DE369000068641E /* Build configuration list for PBXProject "PesonalFinanceTracker" */;
			developmentRegion = en;
			hasScannedForEncodings = 0;
			knownRegions = (
				en,
				Base,
			);
			mainGroup = DBCC8B7F2DE369000068641E;
			minimizedProjectReferenceProxies = 1;
			preferredProjectObjectVersion = 77;
			productRefGroup = DBCC8B892DE369000068641E /* Products */;
			projectDirPath = "";
			projectRoot = "";
			targets = (
				DBCC8B872DE369000068641E /* PesonalFinanceTracker */,
				DBCC8B9C2DE369010068641E /* PesonalFinanceTrackerTests */,
				DBCC8BA62DE369010068641E /* PesonalFinanceTrackerUITests */,
			);
		};
/* End PBXProject section */

/* Begin PBXResourcesBuildPhase section */
		DBCC8B862DE369000068641E /* Resources */ = {
			isa = PBXResourcesBuildPhase;
			buildActionMask = 2147483647;
			files = (
			);
			runOnlyForDeploymentPostprocessing = 0;
		};
		DBCC8B9B2DE369010068641E /* Resources */ = {
			isa = PBXResourcesBuildPhase;
			buildActionMask = 2147483647;
			files = (
			);
			runOnlyForDeploymentPostprocessing = 0;
		};
		DBCC8BA52DE369010068641E /* Resources */ = {
			isa = PBXResourcesBuildPhase;
			buildActionMask = 2147483647;
			files = (
			);
			runOnlyForDeploymentPostprocessing = 0;
		};
/* End PBXResourcesBuildPhase section */

/* Begin PBXSourcesBuildPhase section */
		DBCC8B842DE369000068641E /* Sources */ = {
			isa = PBXSourcesBuildPhase;
			buildActionMask = 2147483647;
			files = (
			);
			runOnlyForDeploymentPostprocessing = 0;
		};
		DBCC8B992DE369010068641E /* Sources */ = {
			isa = PBXSourcesBuildPhase;
			buildActionMask = 2147483647;
			files = (
			);
			runOnlyForDeploymentPostprocessing = 0;
		};
		DBCC8BA32DE369010068641E /* Sources */ = {
			isa = PBXSourcesBuildPhase;
			buildActionMask = 2147483647;
			files = (
			);
			runOnlyForDeploymentPostprocessing = 0;
		};
/* End PBXSourcesBuildPhase section */

/* Begin PBXTargetDependency section */
		DBCC8B9F2DE369010068641E /* PBXTargetDependency */ = {
			isa = PBXTargetDependency;
			target = DBCC8B872DE369000068641E /* PesonalFinanceTracker */;
			targetProxy = DBCC8B9E2DE369010068641E /* PBXContainerItemProxy */;
		};
		DBCC8BA92DE369010068641E /* PBXTargetDependency */ = {
			isa = PBXTargetDependency;
			target = DBCC8B872DE369000068641E /* PesonalFinanceTracker */;
			targetProxy = DBCC8BA82DE369010068641E /* PBXContainerItemProxy */;
		};
/* End PBXTargetDependency section */

/* Begin XCBuildConfiguration section */
		DBCC8BAF2DE369010068641E /* Debug */ = {
			isa = XCBuildConfiguration;
			buildSettings = {
				ALWAYS_SEARCH_USER_PATHS = NO;
				ASSETCATALOG_COMPILER_GENERATE_SWIFT_ASSET_SYMBOL_EXTENSIONS = YES;
				CLANG_ANALYZER_NONNULL = YES;
				CLANG_ANALYZER_NUMBER_OBJECT_CONVERSION = YES_AGGRESSIVE;
				CLANG_CXX_LANGUAGE_STANDARD = "gnu++20";
				CLANG_ENABLE_MODULES = YES;
				CLANG_ENABLE_OBJC_ARC = YES;
				CLANG_ENABLE_OBJC_WEAK = YES;
				CLANG_WARN_BLOCK_CAPTURE_AUTORELEASING = YES;
				CLANG_WARN_BOOL_CONVERSION = YES;
				CLANG_WARN_COMMA = YES;
				CLANG_WARN_CONSTANT_CONVERSION = YES;
				CLANG_WARN_DEPRECATED_OBJC_IMPLEMENTATIONS = YES;
				CLANG_WARN_DIRECT_OBJC_ISA_USAGE = YES_ERROR;
				CLANG_WARN_DOCUMENTATION_COMMENTS = YES;
				CLANG_WARN_EMPTY_BODY = YES;
				CLANG_WARN_ENUM_CONVERSION = YES;
				CLANG_WARN_INFINITE_RECURSION = YES;
				CLANG_WARN_INT_CONVERSION = YES;
				CLANG_WARN_NON_LITERAL_NULL_CONVERSION = YES;
				CLANG_WARN_OBJC_IMPLICIT_RETAIN_SELF = YES;
				CLANG_WARN_OBJC_LITERAL_CONVERSION = YES;
				CLANG_WARN_OBJC_ROOT_CLASS = YES_ERROR;
				CLANG_WARN_QUOTED_INCLUDE_IN_FRAMEWORK_HEADER = YES;
				CLANG_WARN_RANGE_LOOP_ANALYSIS = YES;
				CLANG_WARN_STRICT_PROTOTYPES = YES;
				CLANG_WARN_SUSPICIOUS_MOVE = YES;
				CLANG_WARN_UNGUARDED_AVAILABILITY = YES_AGGRESSIVE;
				CLANG_WARN_UNREACHABLE_CODE = YES;
				CLANG_WARN__DUPLICATE_METHOD_MATCH = YES;
				COPY_PHASE_STRIP = NO;
				DEBUG_INFORMATION_FORMAT = dwarf;
				ENABLE_STRICT_OBJC_MSGSEND = YES;
				ENABLE_TESTABILITY = YES;
				ENABLE_USER_SCRIPT_SANDBOXING = YES;
				GCC_C_LANGUAGE_STANDARD = gnu17;
				GCC_DYNAMIC_NO_PIC = NO;
				GCC_NO_COMMON_BLOCKS = YES;
				GCC_OPTIMIZATION_LEVEL = 0;
				GCC_PREPROCESSOR_DEFINITIONS = (
					"DEBUG=1",
					"$(inherited)",
				);
				GCC_WARN_64_TO_32_BIT_CONVERSION = YES;
				GCC_WARN_ABOUT_RETURN_TYPE = YES_ERROR;
				GCC_WARN_UNDECLARED_SELECTOR = YES;
				GCC_WARN_UNINITIALIZED_AUTOS = YES_AGGRESSIVE;
				GCC_WARN_UNUSED_FUNCTION = YES;
				GCC_WARN_UNUSED_VARIABLE = YES;
				IPHONEOS_DEPLOYMENT_TARGET = 18.2;
				LOCALIZATION_PREFERS_STRING_CATALOGS = YES;
				MTL_ENABLE_DEBUG_INFO = INCLUDE_SOURCE;
				MTL_FAST_MATH = YES;
				ONLY_ACTIVE_ARCH = YES;
				SDKROOT = iphoneos;
				SWIFT_ACTIVE_COMPILATION_CONDITIONS = "DEBUG $(inherited)";
				SWIFT_OPTIMIZATION_LEVEL = "-Onone";
			};
			name = Debug;
		};
		DBCC8BB02DE369010068641E /* Release */ = {
			isa = XCBuildConfiguration;
			buildSettings = {
				ALWAYS_SEARCH_USER_PATHS = NO;
				ASSETCATALOG_COMPILER_GENERATE_SWIFT_ASSET_SYMBOL_EXTENSIONS = YES;
				CLANG_ANALYZER_NONNULL = YES;
				CLANG_ANALYZER_NUMBER_OBJECT_CONVERSION = YES_AGGRESSIVE;
				CLANG_CXX_LANGUAGE_STANDARD = "gnu++20";
				CLANG_ENABLE_MODULES = YES;
				CLANG_ENABLE_OBJC_ARC = YES;
				CLANG_ENABLE_OBJC_WEAK = YES;
				CLANG_WARN_BLOCK_CAPTURE_AUTORELEASING = YES;
				CLANG_WARN_BOOL_CONVERSION = YES;
				CLANG_WARN_COMMA = YES;
				CLANG_WARN_CONSTANT_CONVERSION = YES;
				CLANG_WARN_DEPRECATED_OBJC_IMPLEMENTATIONS = YES;
				CLANG_WARN_DIRECT_OBJC_ISA_USAGE = YES_ERROR;
				CLANG_WARN_DOCUMENTATION_COMMENTS = YES;
				CLANG_WARN_EMPTY_BODY = YES;
				CLANG_WARN_ENUM_CONVERSION = YES;
				CLANG_WARN_INFINITE_RECURSION = YES;
				CLANG_WARN_INT_CONVERSION = YES;
				CLANG_WARN_NON_LITERAL_NULL_CONVERSION = YES;
				CLANG_WARN_OBJC_IMPLICIT_RETAIN_SELF = YES;
				CLANG_WARN_OBJC_LITERAL_CONVERSION = YES;
				CLANG_WARN_OBJC_ROOT_CLASS = YES_ERROR;
				CLANG_WARN_QUOTED_INCLUDE_IN_FRAMEWORK_HEADER = YES;
				CLANG_WARN_RANGE_LOOP_ANALYSIS = YES;
				CLANG_WARN_STRICT_PROTOTYPES = YES;
				CLANG_WARN_SUSPICIOUS_MOVE = YES;
				CLANG_WARN_UNGUARDED_AVAILABILITY = YES_AGGRESSIVE;
				CLANG_WARN_UNREACHABLE_CODE = YES;
				CLANG_WARN__DUPLICATE_METHOD_MATCH = YES;
				COPY_PHASE_STRIP = NO;
				DEBUG_INFORMATION_FORMAT = "dwarf-with-dsym";
				ENABLE_NS_ASSERTIONS = NO;
				ENABLE_STRICT_OBJC_MSGSEND = YES;
				ENABLE_USER_SCRIPT_SANDBOXING = YES;
				GCC_C_LANGUAGE_STANDARD = gnu17;
				GCC_NO_COMMON_BLOCKS = YES;
				GCC_WARN_64_TO_32_BIT_CONVERSION = YES;
				GCC_WARN_ABOUT_RETURN_TYPE = YES_ERROR;
				GCC_WARN_UNDECLARED_SELECTOR = YES;
				GCC_WARN_UNINITIALIZED_AUTOS = YES_AGGRESSIVE;
				GCC_WARN_UNUSED_FUNCTION = YES;
				GCC_WARN_UNUSED_VARIABLE = YES;
				IPHONEOS_DEPLOYMENT_TARGET = 18.2;
				LOCALIZATION_PREFERS_STRING_CATALOGS = YES;
				MTL_ENABLE_DEBUG_INFO = NO;
				MTL_FAST_MATH = YES;
				SDKROOT = iphoneos;
				SWIFT_COMPILATION_MODE = wholemodule;
				VALIDATE_PRODUCT = YES;
			};
			name = Release;
		};
		DBCC8BB22DE369010068641E /* Debug */ = {
			isa = XCBuildConfiguration;
			buildSettings = {
				ASSETCATALOG_COMPILER_APPICON_NAME = AppIcon;
				ASSETCATALOG_COMPILER_GLOBAL_ACCENT_COLOR_NAME = AccentColor;
				CODE_SIGN_STYLE = Automatic;
				CURRENT_PROJECT_VERSION = 1;
				DEVELOPMENT_ASSET_PATHS = "\"PesonalFinanceTracker/Preview Content\"";
				ENABLE_PREVIEWS = YES;
				GENERATE_INFOPLIST_FILE = YES;
				INFOPLIST_KEY_UIApplicationSceneManifest_Generation = YES;
				INFOPLIST_KEY_UIApplicationSupportsIndirectInputEvents = YES;
				INFOPLIST_KEY_UILaunchScreen_Generation = YES;
				INFOPLIST_KEY_UISupportedInterfaceOrientations_iPad = "UIInterfaceOrientationPortrait UIInterfaceOrientationPortraitUpsideDown UIInterfaceOrientationLandscapeLeft UIInterfaceOrientationLandscapeRight";
				INFOPLIST_KEY_UISupportedInterfaceOrientations_iPhone = "UIInterfaceOrientationPortrait UIInterfaceOrientationLandscapeLeft UIInterfaceOrientationLandscapeRight";
				LD_RUNPATH_SEARCH_PATHS = (
					"$(inherited)",
					"@executable_path/Frameworks",
				);
				MARKETING_VERSION = 1.0;
				PRODUCT_BUNDLE_IDENTIFIER = "Rohit-Company.PesonalFinanceTracker";
				PRODUCT_NAME = "$(TARGET_NAME)";
				SWIFT_EMIT_LOC_STRINGS = YES;
				SWIFT_VERSION = 5.0;
				TARGETED_DEVICE_FAMILY = "1,2";
			};
			name = Debug;
		};
		DBCC8BB32DE369010068641E /* Release */ = {
			isa = XCBuildConfiguration;
			buildSettings = {
				ASSETCATALOG_COMPILER_APPICON_NAME = AppIcon;
				ASSETCATALOG_COMPILER_GLOBAL_ACCENT_COLOR_NAME = AccentColor;
				CODE_SIGN_STYLE = Automatic;
				CURRENT_PROJECT_VERSION = 1;
				DEVELOPMENT_ASSET_PATHS = "\"PesonalFinanceTracker/Preview Content\"";
				ENABLE_PREVIEWS = YES;
				GENERATE_INFOPLIST_FILE = YES;
				INFOPLIST_KEY_UIApplicationSceneManifest_Generation = YES;
				INFOPLIST_KEY_UIApplicationSupportsIndirectInputEvents = YES;
				INFOPLIST_KEY_UILaunchScreen_Generation = YES;
				INFOPLIST_KEY_UISupportedInterfaceOrientations_iPad = "UIInterfaceOrientationPortrait UIInterfaceOrientationPortraitUpsideDown UIInterfaceOrientationLandscapeLeft UIInterfaceOrientationLandscapeRight";
				INFOPLIST_KEY_UISupportedInterfaceOrientations_iPhone = "UIInterfaceOrientationPortrait UIInterfaceOrientationLandscapeLeft UIInterfaceOrientationLandscapeRight";
				LD_RUNPATH_SEARCH_PATHS = (
					"$(inherited)",
					"@executable_path/Frameworks",
				);
				MARKETING_VERSION = 1.0;
				PRODUCT_BUNDLE_IDENTIFIER = "Rohit-Company.PesonalFinanceTracker";
				PRODUCT_NAME = "$(TARGET_NAME)";
				SWIFT_EMIT_LOC_STRINGS = YES;
				SWIFT_VERSION = 5.0;
				TARGETED_DEVICE_FAMILY = "1,2";
			};
			name = Release;
		};
		DBCC8BB52DE369010068641E /* Debug */ = {
			isa = XCBuildConfiguration;
			buildSettings = {
				BUNDLE_LOADER = "$(TEST_HOST)";
				CODE_SIGN_STYLE = Automatic;
				CURRENT_PROJECT_VERSION = 1;
				GENERATE_INFOPLIST_FILE = YES;
				IPHONEOS_DEPLOYMENT_TARGET = 18.2;
				MARKETING_VERSION = 1.0;
				PRODUCT_BUNDLE_IDENTIFIER = "Rohit-Company.PesonalFinanceTrackerTests";
				PRODUCT_NAME = "$(TARGET_NAME)";
				SWIFT_EMIT_LOC_STRINGS = NO;
				SWIFT_VERSION = 5.0;
				TARGETED_DEVICE_FAMILY = "1,2";
				TEST_HOST = "$(BUILT_PRODUCTS_DIR)/PesonalFinanceTracker.app/$(BUNDLE_EXECUTABLE_FOLDER_PATH)/PesonalFinanceTracker";
			};
			name = Debug;
		};
		DBCC8BB62DE369010068641E /* Release */ = {
			isa = XCBuildConfiguration;
			buildSettings = {
				BUNDLE_LOADER = "$(TEST_HOST)";
				CODE_SIGN_STYLE = Automatic;
				CURRENT_PROJECT_VERSION = 1;
				GENERATE_INFOPLIST_FILE = YES;
				IPHONEOS_DEPLOYMENT_TARGET = 18.2;
				MARKETING_VERSION = 1.0;
				PRODUCT_BUNDLE_IDENTIFIER = "Rohit-Company.PesonalFinanceTrackerTests";
				PRODUCT_NAME = "$(TARGET_NAME)";
				SWIFT_EMIT_LOC_STRINGS = NO;
				SWIFT_VERSION = 5.0;
				TARGETED_DEVICE_FAMILY = "1,2";
				TEST_HOST = "$(BUILT_PRODUCTS_DIR)/PesonalFinanceTracker.app/$(BUNDLE_EXECUTABLE_FOLDER_PATH)/PesonalFinanceTracker";
			};
			name = Release;
		};
		DBCC8BB82DE369010068641E /* Debug */ = {
			isa = XCBuildConfiguration;
			buildSettings = {
				CODE_SIGN_STYLE = Automatic;
				CURRENT_PROJECT_VERSION = 1;
				GENERATE_INFOPLIST_FILE = YES;
				MARKETING_VERSION = 1.0;
				PRODUCT_BUNDLE_IDENTIFIER = "Rohit-Company.PesonalFinanceTrackerUITests";
				PRODUCT_NAME = "$(TARGET_NAME)";
				SWIFT_EMIT_LOC_STRINGS = NO;
				SWIFT_VERSION = 5.0;
				TARGETED_DEVICE_FAMILY = "1,2";
				TEST_TARGET_NAME = PesonalFinanceTracker;
			};
			name = Debug;
		};
		DBCC8BB92DE369010068641E /* Release */ = {
			isa = XCBuildConfiguration;
			buildSettings = {
				CODE_SIGN_STYLE = Automatic;
				CURRENT_PROJECT_VERSION = 1;
				GENERATE_INFOPLIST_FILE = YES;
				MARKETING_VERSION = 1.0;
				PRODUCT_BUNDLE_IDENTIFIER = "Rohit-Company.PesonalFinanceTrackerUITests";
				PRODUCT_NAME = "$(TARGET_NAME)";
				SWIFT_EMIT_LOC_STRINGS = NO;
				SWIFT_VERSION = 5.0;
				TARGETED_DEVICE_FAMILY = "1,2";
				TEST_TARGET_NAME = PesonalFinanceTracker;
			};
			name = Release;
		};
/* End XCBuildConfiguration section */

/* Begin XCConfigurationList section */
		DBCC8B832DE369000068641E /* Build configuration list for PBXProject "PesonalFinanceTracker" */ = {
			isa = XCConfigurationList;
			buildConfigurations = (
				DBCC8BAF2DE369010068641E /* Debug */,
				DBCC8BB02DE369010068641E /* Release */,
			);
			defaultConfigurationIsVisible = 0;
			defaultConfigurationName = Release;
		};
		DBCC8BB12DE369010068641E /* Build configuration list for PBXNativeTarget "PesonalFinanceTracker" */ = {
			isa = XCConfigurationList;
			buildConfigurations = (
				DBCC8BB22DE369010068641E /* Debug */,
				DBCC8BB32DE369010068641E /* Release */,
			);
			defaultConfigurationIsVisible = 0;
			defaultConfigurationName = Release;
		};
		DBCC8BB42DE369010068641E /* Build configuration list for PBXNativeTarget "PesonalFinanceTrackerTests" */ = {
			isa = XCConfigurationList;
			buildConfigurations = (
				DBCC8BB52DE369010068641E /* Debug */,
				DBCC8BB62DE369010068641E /* Release */,
			);
			defaultConfigurationIsVisible = 0;
			defaultConfigurationName = Release;
		};
		DBCC8BB72DE369010068641E /* Build configuration list for PBXNativeTarget "PesonalFinanceTrackerUITests" */ = {
			isa = XCConfigurationList;
			buildConfigurations = (
				DBCC8BB82DE369010068641E /* Debug */,
				DBCC8BB92DE369010068641E /* Release */,
			);
			defaultConfigurationIsVisible = 0;
			defaultConfigurationName = Release;
		};
/* End XCConfigurationList section */
	};
	rootObject = DBCC8B802DE369000068641E /* Project object */;
}
